
Microsoft Visual Studio Solution File, Format Version 12.00
# Visual Studio Version 16
VisualStudioVersion = 16.0.31613.86
MinimumVisualStudioVersion = 10.0.40219.1
Project("{9A19103F-16F7-4668-BE54-9A1E7A4F7556}") = "DevFitness.ConsoleApp", "DevFitness.ConsoleApp\DevFitness.ConsoleApp.csproj", "{BCDD05E6-0B22-4FA7-9CAD-F2ECEF2B0C9F}"
EndProject
Project("{FAE04EC0-301F-11D3-BF4B-00C04F79EFBC}") = "DevFitness.API", "DevFitness.API\DevFitness.API.csproj", "{97EE535D-1540-47E6-9D9C-B45AD285745E}"
EndProject
Global
	GlobalSection(SolutionConfigurationPlatforms) = preSolution
		Debug|Any CPU = Debug|Any CPU
		Release|Any CPU = Release|Any CPU
	EndGlobalSection
	GlobalSection(ProjectConfigurationPlatforms) = postSolution
		{BCDD05E6-0B22-4FA7-9CAD-F2ECEF2B0C9F}.Debug|Any CPU.ActiveCfg = Debug|Any CPU
		{BCDD05E6-0B22-4FA7-9CAD-F2ECEF2B0C9F}.Debug|Any CPU.Build.0 = Debug|Any CPU
		{BCDD05E6-0B22-4FA7-9CAD-F2ECEF2B0C9F}.Release|Any CPU.ActiveCfg = Release|Any CPU
		{BCDD05E6-0B22-4FA7-9CAD-F2ECEF2B0C9F}.Release|Any CPU.Build.0 = Release|Any CPU
		{97EE535D-1540-47E6-9D9C-B45AD285745E}.Debug|Any CPU.ActiveCfg = Debug|Any CPU
		{97EE535D-1540-47E6-9D9C-B45AD285745E}.Debug|Any CPU.Build.0 = Debug|Any CPU
		{97EE535D-1540-47E6-9D9C-B45AD285745E}.Release|Any CPU.ActiveCfg = Release|Any CPU
		{97EE535D-1540-47E6-9D9C-B45AD285745E}.Release|Any CPU.Build.0 = Release|Any CPU
	EndGlobalSection
	GlobalSection(SolutionProperties) = preSolution
		HideSolutionNode = FALSE
	EndGlobalSection
	GlobalSection(ExtensibilityGlobals) = postSolution
		SolutionGuid = {29C723B3-2214-4507-859B-D41C9FAC6802}
	EndGlobalSection
EndGlobal
